
Microsoft Visual Studio Solution File, Format Version 12.00
# Visual Studio 2013
VisualStudioVersion = 12.0.40629.0
MinimumVisualStudioVersion = 10.0.40219.1
Project("{8BC9CEB8-8B4A-11D0-8D11-00A0C91BC942}") = "XPlatform", "XPlatform\XPlatform.vcxproj", "{2D68A2DA-5691-435E-BD5E-32C4E5AE70BC}"
EndProject
Project("{8BC9CEB8-8B4A-11D0-8D11-00A0C91BC942}") = "TestPlatform", "TestPlatform\TestPlatform.vcxproj", "{9520FA18-C188-4E77-B2E8-5791086BAD7E}"
	ProjectSection(ProjectDependencies) = postProject
		{2D68A2DA-5691-435E-BD5E-32C4E5AE70BC} = {2D68A2DA-5691-435E-BD5E-32C4E5AE70BC}
	EndProjectSection
EndProject
Project("{8BC9CEB8-8B4A-11D0-8D11-00A0C91BC942}") = "TestC++11Thread", "TestC++11Thread\TestC++11Thread.vcxproj", "{61467AE7-BF7A-48CB-98BC-3A807E6FBDDC}"
	ProjectSection(ProjectDependencies) = postProject
		{2D68A2DA-5691-435E-BD5E-32C4E5AE70BC} = {2D68A2DA-5691-435E-BD5E-32C4E5AE70BC}
	EndProjectSection
EndProject
Global
	GlobalSection(SolutionConfigurationPlatforms) = preSolution
		Debug|Win32 = Debug|Win32
		Release|Win32 = Release|Win32
	EndGlobalSection
	GlobalSection(ProjectConfigurationPlatforms) = postSolution
		{2D68A2DA-5691-435E-BD5E-32C4E5AE70BC}.Debug|Win32.ActiveCfg = Debug|Win32
		{2D68A2DA-5691-435E-BD5E-32C4E5AE70BC}.Debug|Win32.Build.0 = Debug|Win32
		{2D68A2DA-5691-435E-BD5E-32C4E5AE70BC}.Release|Win32.ActiveCfg = Release|Win32
		{2D68A2DA-5691-435E-BD5E-32C4E5AE70BC}.Release|Win32.Build.0 = Release|Win32
		{9520FA18-C188-4E77-B2E8-5791086BAD7E}.Debug|Win32.ActiveCfg = Debug|Win32
		{9520FA18-C188-4E77-B2E8-5791086BAD7E}.Debug|Win32.Build.0 = Debug|Win32
		{9520FA18-C188-4E77-B2E8-5791086BAD7E}.Release|Win32.ActiveCfg = Release|Win32
		{9520FA18-C188-4E77-B2E8-5791086BAD7E}.Release|Win32.Build.0 = Release|Win32
		{61467AE7-BF7A-48CB-98BC-3A807E6FBDDC}.Debug|Win32.ActiveCfg = Debug|Win32
		{61467AE7-BF7A-48CB-98BC-3A807E6FBDDC}.Debug|Win32.Build.0 = Debug|Win32
		{61467AE7-BF7A-48CB-98BC-3A807E6FBDDC}.Release|Win32.ActiveCfg = Release|Win32
		{61467AE7-BF7A-48CB-98BC-3A807E6FBDDC}.Release|Win32.Build.0 = Release|Win32
	EndGlobalSection
	GlobalSection(SolutionProperties) = preSolution
		HideSolutionNode = FALSE
	EndGlobalSection
EndGlobal
